
Microsoft Visual Studio Solution File, Format Version 12.00
# Visual Studio Version 16
VisualStudioVersion = 16.0.29920.165
MinimumVisualStudioVersion = 10.0.40219.1
Project("{FAE04EC0-301F-11D3-BF4B-00C04F79EFBC}") = "Notes.Android", "Notes.Android\Notes.Android.csproj", "{5082361D-423E-4B4A-947E-B0D99C572C1E}"
EndProject
Project("{FAE04EC0-301F-11D3-BF4B-00C04F79EFBC}") = "Notes.iOS", "Notes.iOS\Notes.iOS.csproj", "{A4E0DB3D-E308-4244-93A2-82A27BAB0543}"
EndProject
Project("{FAE04EC0-301F-11D3-BF4B-00C04F79EFBC}") = "Notes", "Notes\Notes.csproj", "{4AF50EA0-23F4-47F0-BEB7-68FB5EAF180B}"
EndProject
Global
	GlobalSection(SolutionConfigurationPlatforms) = preSolution
		Debug|Any CPU = Debug|Any CPU
		Debug|iPhone = Debug|iPhone
		Debug|iPhoneSimulator = Debug|iPhoneSimulator
		Release|Any CPU = Release|Any CPU
		Release|iPhone = Release|iPhone
		Release|iPhoneSimulator = Release|iPhoneSimulator
	EndGlobalSection
	GlobalSection(ProjectConfigurationPlatforms) = postSolution
		{5082361D-423E-4B4A-947E-B0D99C572C1E}.Debug|Any CPU.ActiveCfg = Debug|Any CPU
		{5082361D-423E-4B4A-947E-B0D99C572C1E}.Debug|Any CPU.Build.0 = Debug|Any CPU
		{5082361D-423E-4B4A-947E-B0D99C572C1E}.Debug|Any CPU.Deploy.0 = Debug|Any CPU
		{5082361D-423E-4B4A-947E-B0D99C572C1E}.Debug|iPhone.ActiveCfg = Debug|Any CPU
		{5082361D-423E-4B4A-947E-B0D99C572C1E}.Debug|iPhone.Build.0 = Debug|Any CPU
		{5082361D-423E-4B4A-947E-B0D99C572C1E}.Debug|iPhone.Deploy.0 = Debug|Any CPU
		{5082361D-423E-4B4A-947E-B0D99C572C1E}.Debug|iPhoneSimulator.ActiveCfg = Debug|Any CPU
		{5082361D-423E-4B4A-947E-B0D99C572C1E}.Debug|iPhoneSimulator.Build.0 = Debug|Any CPU
		{5082361D-423E-4B4A-947E-B0D99C572C1E}.Debug|iPhoneSimulator.Deploy.0 = Debug|Any CPU
		{5082361D-423E-4B4A-947E-B0D99C572C1E}.Release|Any CPU.ActiveCfg = Release|Any CPU
		{5082361D-423E-4B4A-947E-B0D99C572C1E}.Release|Any CPU.Build.0 = Release|Any CPU
		{5082361D-423E-4B4A-947E-B0D99C572C1E}.Release|Any CPU.Deploy.0 = Release|Any CPU
		{5082361D-423E-4B4A-947E-B0D99C572C1E}.Release|iPhone.ActiveCfg = Release|Any CPU
		{5082361D-423E-4B4A-947E-B0D99C572C1E}.Release|iPhone.Build.0 = Release|Any CPU
		{5082361D-423E-4B4A-947E-B0D99C572C1E}.Release|iPhone.Deploy.0 = Release|Any CPU
		{5082361D-423E-4B4A-947E-B0D99C572C1E}.Release|iPhoneSimulator.ActiveCfg = Release|Any CPU
		{5082361D-423E-4B4A-947E-B0D99C572C1E}.Release|iPhoneSimulator.Build.0 = Release|Any CPU
		{5082361D-423E-4B4A-947E-B0D99C572C1E}.Release|iPhoneSimulator.Deploy.0 = Release|Any CPU
		{A4E0DB3D-E308-4244-93A2-82A27BAB0543}.Debug|Any CPU.ActiveCfg = Debug|iPhone
		{A4E0DB3D-E308-4244-93A2-82A27BAB0543}.Debug|Any CPU.Build.0 = Debug|iPhone
		{A4E0DB3D-E308-4244-93A2-82A27BAB0543}.Debug|Any CPU.Deploy.0 = Debug|iPhone
		{A4E0DB3D-E308-4244-93A2-82A27BAB0543}.Debug|iPhone.ActiveCfg = Debug|iPhone
		{A4E0DB3D-E308-4244-93A2-82A27BAB0543}.Debug|iPhone.Build.0 = Debug|iPhone
		{A4E0DB3D-E308-4244-93A2-82A27BAB0543}.Debug|iPhone.Deploy.0 = Debug|iPhone
		{A4E0DB3D-E308-4244-93A2-82A27BAB0543}.Debug|iPhoneSimulator.ActiveCfg = Debug|iPhoneSimulator
		{A4E0DB3D-E308-4244-93A2-82A27BAB0543}.Debug|iPhoneSimulator.Build.0 = Debug|iPhoneSimulator
		{A4E0DB3D-E308-4244-93A2-82A27BAB0543}.Debug|iPhoneSimulator.Deploy.0 = Debug|iPhoneSimulator
		{A4E0DB3D-E308-4244-93A2-82A27BAB0543}.Release|Any CPU.ActiveCfg = Release|iPhone
		{A4E0DB3D-E308-4244-93A2-82A27BAB0543}.Release|Any CPU.Build.0 = Release|iPhone
		{A4E0DB3D-E308-4244-93A2-82A27BAB0543}.Release|Any CPU.Deploy.0 = Release|iPhone
		{A4E0DB3D-E308-4244-93A2-82A27BAB0543}.Release|iPhone.ActiveCfg = Release|iPhone
		{A4E0DB3D-E308-4244-93A2-82A27BAB0543}.Release|iPhone.Build.0 = Release|iPhone
		{A4E0DB3D-E308-4244-93A2-82A27BAB0543}.Release|iPhone.Deploy.0 = Release|iPhone
		{A4E0DB3D-E308-4244-93A2-82A27BAB0543}.Release|iPhoneSimulator.ActiveCfg = Release|iPhoneSimulator
		{A4E0DB3D-E308-4244-93A2-82A27BAB0543}.Release|iPhoneSimulator.Build.0 = Release|iPhoneSimulator
		{A4E0DB3D-E308-4244-93A2-82A27BAB0543}.Release|iPhoneSimulator.Deploy.0 = Release|iPhoneSimulator
		{4AF50EA0-23F4-47F0-BEB7-68FB5EAF180B}.Debug|Any CPU.ActiveCfg = Debug|Any CPU
		{4AF50EA0-23F4-47F0-BEB7-68FB5EAF180B}.Debug|Any CPU.Build.0 = Debug|Any CPU
		{4AF50EA0-23F4-47F0-BEB7-68FB5EAF180B}.Debug|Any CPU.Deploy.0 = Debug|Any CPU
		{4AF50EA0-23F4-47F0-BEB7-68FB5EAF180B}.Debug|iPhone.ActiveCfg = Debug|Any CPU
		{4AF50EA0-23F4-47F0-BEB7-68FB5EAF180B}.Debug|iPhone.Build.0 = Debug|Any CPU
		{4AF50EA0-23F4-47F0-BEB7-68FB5EAF180B}.Debug|iPhone.Deploy.0 = Debug|Any CPU
		{4AF50EA0-23F4-47F0-BEB7-68FB5EAF180B}.Debug|iPhoneSimulator.ActiveCfg = Debug|Any CPU
		{4AF50EA0-23F4-47F0-BEB7-68FB5EAF180B}.Debug|iPhoneSimulator.Build.0 = Debug|Any CPU
		{4AF50EA0-23F4-47F0-BEB7-68FB5EAF180B}.Debug|iPhoneSimulator.Deploy.0 = Debug|Any CPU
		{4AF50EA0-23F4-47F0-BEB7-68FB5EAF180B}.Release|Any CPU.ActiveCfg = Release|Any CPU
		{4AF50EA0-23F4-47F0-BEB7-68FB5EAF180B}.Release|Any CPU.Build.0 = Release|Any CPU
		{4AF50EA0-23F4-47F0-BEB7-68FB5EAF180B}.Release|Any CPU.Deploy.0 = Release|Any CPU
		{4AF50EA0-23F4-47F0-BEB7-68FB5EAF180B}.Release|iPhone.ActiveCfg = Release|Any CPU
		{4AF50EA0-23F4-47F0-BEB7-68FB5EAF180B}.Release|iPhone.Build.0 = Release|Any CPU
		{4AF50EA0-23F4-47F0-BEB7-68FB5EAF180B}.Release|iPhone.Deploy.0 = Release|Any CPU
		{4AF50EA0-23F4-47F0-BEB7-68FB5EAF180B}.Release|iPhoneSimulator.ActiveCfg = Release|Any CPU
		{4AF50EA0-23F4-47F0-BEB7-68FB5EAF180B}.Release|iPhoneSimulator.Build.0 = Release|Any CPU
		{4AF50EA0-23F4-47F0-BEB7-68FB5EAF180B}.Release|iPhoneSimulator.Deploy.0 = Release|Any CPU
	EndGlobalSection
	GlobalSection(SolutionProperties) = preSolution
		HideSolutionNode = FALSE
	EndGlobalSection
	GlobalSection(ExtensibilityGlobals) = postSolution
		SolutionGuid = {305BB549-3622-4B26-B243-D63339DCFADF}
	EndGlobalSection
EndGlobal
