
Microsoft Visual Studio Solution File, Format Version 12.00
# Visual Studio Version 16
VisualStudioVersion = 16.0.28803.202
MinimumVisualStudioVersion = 10.0.40219.1
Project("{FAE04EC0-301F-11D3-BF4B-00C04F79EFBC}") = "StructTrial", "StructTrial\StructTrial.csproj", "{DC32C19A-C5EB-45CB-B775-514819A3CE8B}"
EndProject
Global
	GlobalSection(SolutionConfigurationPlatforms) = preSolution
		Debug|Any CPU = Debug|Any CPU
		Release|Any CPU = Release|Any CPU
	EndGlobalSection
	GlobalSection(ProjectConfigurationPlatforms) = postSolution
		{DC32C19A-C5EB-45CB-B775-514819A3CE8B}.Debug|Any CPU.ActiveCfg = Debug|Any CPU
		{DC32C19A-C5EB-45CB-B775-514819A3CE8B}.Debug|Any CPU.Build.0 = Debug|Any CPU
		{DC32C19A-C5EB-45CB-B775-514819A3CE8B}.Release|Any CPU.ActiveCfg = Release|Any CPU
		{DC32C19A-C5EB-45CB-B775-514819A3CE8B}.Release|Any CPU.Build.0 = Release|Any CPU
	EndGlobalSection
	GlobalSection(SolutionProperties) = preSolution
		HideSolutionNode = FALSE
	EndGlobalSection
	GlobalSection(ExtensibilityGlobals) = postSolution
		SolutionGuid = {1EB3F1E0-54C6-497B-9CE8-1B4B899CC775}
	EndGlobalSection
EndGlobal
