
Microsoft Visual Studio Solution File, Format Version 12.00
# Visual Studio Version 16
VisualStudioVersion = 16.0.28803.202
MinimumVisualStudioVersion = 10.0.40219.1
Project("{FAE04EC0-301F-11D3-BF4B-00C04F79EFBC}") = "MathQuiz", "MathQuiz.csproj", "{F259FD7D-00B8-4B31-A6E1-D180272F016A}"
EndProject
Global
	GlobalSection(SolutionConfigurationPlatforms) = preSolution
		Debug|Any CPU = Debug|Any CPU
		Release|Any CPU = Release|Any CPU
	EndGlobalSection
	GlobalSection(ProjectConfigurationPlatforms) = postSolution
		{F259FD7D-00B8-4B31-A6E1-D180272F016A}.Debug|Any CPU.ActiveCfg = Debug|Any CPU
		{F259FD7D-00B8-4B31-A6E1-D180272F016A}.Debug|Any CPU.Build.0 = Debug|Any CPU
		{F259FD7D-00B8-4B31-A6E1-D180272F016A}.Release|Any CPU.ActiveCfg = Release|Any CPU
		{F259FD7D-00B8-4B31-A6E1-D180272F016A}.Release|Any CPU.Build.0 = Release|Any CPU
	EndGlobalSection
	GlobalSection(SolutionProperties) = preSolution
		HideSolutionNode = FALSE
	EndGlobalSection
	GlobalSection(ExtensibilityGlobals) = postSolution
		SolutionGuid = {66B9A120-51F0-42DB-815F-4D61FF33B475}
	EndGlobalSection
EndGlobal
